
Microsoft Visual Studio Solution File, Format Version 12.00
# Visual Studio Version 17
VisualStudioVersion = 17.5.2.0
MinimumVisualStudioVersion = 10.0.40219.1
Project("{FAE04EC0-301F-11D3-BF4B-00C04F79EFBC}") = "TodoListApiTests", "todo-list-api.tests\TodoListApiTests.csproj", "{CB65C9C3-E9AD-634A-2743-29429F896E6D}"
EndProject
Project("{FAE04EC0-301F-11D3-BF4B-00C04F79EFBC}") = "TodoListApi", "todo-list-api\TodoListApi.csproj", "{AFD9C6AF-5153-F3FE-AB73-EF68B85E2ABF}"
EndProject
Project("{FAE04EC0-301F-11D3-BF4B-00C04F79EFBC}") = "various-features", "various-features\various-features.csproj", "{EE658440-2C0F-4D18-BFD9-589C5828E9DB}"
EndProject
Global
	GlobalSection(SolutionConfigurationPlatforms) = preSolution
		Debug|Any CPU = Debug|Any CPU
		Debug|x64 = Debug|x64
		Debug|x86 = Debug|x86
		Release|Any CPU = Release|Any CPU
		Release|x64 = Release|x64
		Release|x86 = Release|x86
	EndGlobalSection
	GlobalSection(ProjectConfigurationPlatforms) = postSolution
		{CB65C9C3-E9AD-634A-2743-29429F896E6D}.Debug|Any CPU.ActiveCfg = Debug|Any CPU
		{CB65C9C3-E9AD-634A-2743-29429F896E6D}.Debug|Any CPU.Build.0 = Debug|Any CPU
		{CB65C9C3-E9AD-634A-2743-29429F896E6D}.Debug|x64.ActiveCfg = Debug|Any CPU
		{CB65C9C3-E9AD-634A-2743-29429F896E6D}.Debug|x64.Build.0 = Debug|Any CPU
		{CB65C9C3-E9AD-634A-2743-29429F896E6D}.Debug|x86.ActiveCfg = Debug|Any CPU
		{CB65C9C3-E9AD-634A-2743-29429F896E6D}.Debug|x86.Build.0 = Debug|Any CPU
		{CB65C9C3-E9AD-634A-2743-29429F896E6D}.Release|Any CPU.ActiveCfg = Release|Any CPU
		{CB65C9C3-E9AD-634A-2743-29429F896E6D}.Release|Any CPU.Build.0 = Release|Any CPU
		{CB65C9C3-E9AD-634A-2743-29429F896E6D}.Release|x64.ActiveCfg = Release|Any CPU
		{CB65C9C3-E9AD-634A-2743-29429F896E6D}.Release|x64.Build.0 = Release|Any CPU
		{CB65C9C3-E9AD-634A-2743-29429F896E6D}.Release|x86.ActiveCfg = Release|Any CPU
		{CB65C9C3-E9AD-634A-2743-29429F896E6D}.Release|x86.Build.0 = Release|Any CPU
		{AFD9C6AF-5153-F3FE-AB73-EF68B85E2ABF}.Debug|Any CPU.ActiveCfg = Debug|Any CPU
		{AFD9C6AF-5153-F3FE-AB73-EF68B85E2ABF}.Debug|Any CPU.Build.0 = Debug|Any CPU
		{AFD9C6AF-5153-F3FE-AB73-EF68B85E2ABF}.Debug|x64.ActiveCfg = Debug|Any CPU
		{AFD9C6AF-5153-F3FE-AB73-EF68B85E2ABF}.Debug|x64.Build.0 = Debug|Any CPU
		{AFD9C6AF-5153-F3FE-AB73-EF68B85E2ABF}.Debug|x86.ActiveCfg = Debug|Any CPU
		{AFD9C6AF-5153-F3FE-AB73-EF68B85E2ABF}.Debug|x86.Build.0 = Debug|Any CPU
		{AFD9C6AF-5153-F3FE-AB73-EF68B85E2ABF}.Release|Any CPU.ActiveCfg = Release|Any CPU
		{AFD9C6AF-5153-F3FE-AB73-EF68B85E2ABF}.Release|Any CPU.Build.0 = Release|Any CPU
		{AFD9C6AF-5153-F3FE-AB73-EF68B85E2ABF}.Release|x64.ActiveCfg = Release|Any CPU
		{AFD9C6AF-5153-F3FE-AB73-EF68B85E2ABF}.Release|x64.Build.0 = Release|Any CPU
		{AFD9C6AF-5153-F3FE-AB73-EF68B85E2ABF}.Release|x86.ActiveCfg = Release|Any CPU
		{AFD9C6AF-5153-F3FE-AB73-EF68B85E2ABF}.Release|x86.Build.0 = Release|Any CPU
		{EE658440-2C0F-4D18-BFD9-589C5828E9DB}.Debug|Any CPU.ActiveCfg = Debug|Any CPU
		{EE658440-2C0F-4D18-BFD9-589C5828E9DB}.Debug|Any CPU.Build.0 = Debug|Any CPU
		{EE658440-2C0F-4D18-BFD9-589C5828E9DB}.Debug|x64.ActiveCfg = Debug|Any CPU
		{EE658440-2C0F-4D18-BFD9-589C5828E9DB}.Debug|x64.Build.0 = Debug|Any CPU
		{EE658440-2C0F-4D18-BFD9-589C5828E9DB}.Debug|x86.ActiveCfg = Debug|Any CPU
		{EE658440-2C0F-4D18-BFD9-589C5828E9DB}.Debug|x86.Build.0 = Debug|Any CPU
		{EE658440-2C0F-4D18-BFD9-589C5828E9DB}.Release|Any CPU.ActiveCfg = Release|Any CPU
		{EE658440-2C0F-4D18-BFD9-589C5828E9DB}.Release|Any CPU.Build.0 = Release|Any CPU
		{EE658440-2C0F-4D18-BFD9-589C5828E9DB}.Release|x64.ActiveCfg = Release|Any CPU
		{EE658440-2C0F-4D18-BFD9-589C5828E9DB}.Release|x64.Build.0 = Release|Any CPU
		{EE658440-2C0F-4D18-BFD9-589C5828E9DB}.Release|x86.ActiveCfg = Release|Any CPU
		{EE658440-2C0F-4D18-BFD9-589C5828E9DB}.Release|x86.Build.0 = Release|Any CPU
	EndGlobalSection
	GlobalSection(SolutionProperties) = preSolution
		HideSolutionNode = FALSE
	EndGlobalSection
	GlobalSection(ExtensibilityGlobals) = postSolution
		SolutionGuid = {7F0DF034-1AA0-4213-97B0-5636F403E86C}
	EndGlobalSection
EndGlobal
